
Microsoft Visual Studio Solution File, Format Version 12.00
# Visual Studio Version 16
VisualStudioVersion = 16.0.31019.35
MinimumVisualStudioVersion = 10.0.40219.1
Project("{FAE04EC0-301F-11D3-BF4B-00C04F79EFBC}") = "CarSeller.API", "CarSeller.API\CarSeller.API.csproj", "{A729DBE3-35AC-492A-829A-418762AE4A7D}"
EndProject
Project("{FAE04EC0-301F-11D3-BF4B-00C04F79EFBC}") = "CarSeller.BusinessLogic", "CarSeller.BusinessLogic\CarSeller.BusinessLogic.csproj", "{5DF76DB4-AF3B-44CD-8673-ADF8DDEE90F4}"
EndProject
Project("{FAE04EC0-301F-11D3-BF4B-00C04F79EFBC}") = "CarSeller.DataAccess", "CarSeller.DataAccess\CarSeller.DataAccess.csproj", "{83F9302B-A105-4183-93A1-9AEE5116ACAB}"
EndProject
Global
	GlobalSection(SolutionConfigurationPlatforms) = preSolution
		Debug|Any CPU = Debug|Any CPU
		Release|Any CPU = Release|Any CPU
	EndGlobalSection
	GlobalSection(ProjectConfigurationPlatforms) = postSolution
		{A729DBE3-35AC-492A-829A-418762AE4A7D}.Debug|Any CPU.ActiveCfg = Debug|Any CPU
		{A729DBE3-35AC-492A-829A-418762AE4A7D}.Debug|Any CPU.Build.0 = Debug|Any CPU
		{A729DBE3-35AC-492A-829A-418762AE4A7D}.Release|Any CPU.ActiveCfg = Release|Any CPU
		{A729DBE3-35AC-492A-829A-418762AE4A7D}.Release|Any CPU.Build.0 = Release|Any CPU
		{5DF76DB4-AF3B-44CD-8673-ADF8DDEE90F4}.Debug|Any CPU.ActiveCfg = Debug|Any CPU
		{5DF76DB4-AF3B-44CD-8673-ADF8DDEE90F4}.Debug|Any CPU.Build.0 = Debug|Any CPU
		{5DF76DB4-AF3B-44CD-8673-ADF8DDEE90F4}.Release|Any CPU.ActiveCfg = Release|Any CPU
		{5DF76DB4-AF3B-44CD-8673-ADF8DDEE90F4}.Release|Any CPU.Build.0 = Release|Any CPU
		{83F9302B-A105-4183-93A1-9AEE5116ACAB}.Debug|Any CPU.ActiveCfg = Debug|Any CPU
		{83F9302B-A105-4183-93A1-9AEE5116ACAB}.Debug|Any CPU.Build.0 = Debug|Any CPU
		{83F9302B-A105-4183-93A1-9AEE5116ACAB}.Release|Any CPU.ActiveCfg = Release|Any CPU
		{83F9302B-A105-4183-93A1-9AEE5116ACAB}.Release|Any CPU.Build.0 = Release|Any CPU
	EndGlobalSection
	GlobalSection(SolutionProperties) = preSolution
		HideSolutionNode = FALSE
	EndGlobalSection
	GlobalSection(ExtensibilityGlobals) = postSolution
		SolutionGuid = {322FAF28-DFA3-48CD-9F1C-5E3E6AE85ABD}
	EndGlobalSection
EndGlobal
